// !$*UTF8*$!
{
	archiveVersion = 1;
	classes = {
	};
	objectVersion = 46;
	objects = {

/* Begin PBXBuildFile section */
		636C1C0C1AF9FC8100471769 /* main.m in Sources */ = {isa = PBXBuildFile; fileRef = 636C1C0B1AF9FC8100471769 /* main.m */; };
		636C1C0F1AF9FC8100471769 /* AppDelegate.m in Sources */ = {isa = PBXBuildFile; fileRef = 636C1C0E1AF9FC8100471769 /* AppDelegate.m */; };
		636C1C121AF9FC8100471769 /* ViewController.m in Sources */ = {isa = PBXBuildFile; fileRef = 636C1C111AF9FC8100471769 /* ViewController.m */; };
		636C1C151AF9FC8100471769 /* Main.storyboard in Resources */ = {isa = PBXBuildFile; fileRef = 636C1C131AF9FC8100471769 /* Main.storyboard */; };
		636C1C171AF9FC8100471769 /* Images.xcassets in Resources */ = {isa = PBXBuildFile; fileRef = 636C1C161AF9FC8100471769 /* Images.xcassets */; };
		636C1C1A1AF9FC8100471769 /* LaunchScreen.xib in Resources */ = {isa = PBXBuildFile; fileRef = 636C1C181AF9FC8100471769 /* LaunchScreen.xib */; };
		636C1C261AF9FC8100471769 /* WatchTestTests.m in Sources */ = {isa = PBXBuildFile; fileRef = 636C1C251AF9FC8100471769 /* WatchTestTests.m */; };
		636C1C3A1AF9FCC700471769 /* InterfaceController.m in Sources */ = {isa = PBXBuildFile; fileRef = 636C1C391AF9FCC700471769 /* InterfaceController.m */; };
		636C1C3D1AF9FCC700471769 /* NotificationController.m in Sources */ = {isa = PBXBuildFile; fileRef = 636C1C3C1AF9FCC700471769 /* NotificationController.m */; };
		636C1C3F1AF9FCC700471769 /* Images.xcassets in Resources */ = {isa = PBXBuildFile; fileRef = 636C1C3E1AF9FCC700471769 /* Images.xcassets */; };
		636C1C431AF9FCC800471769 /* WatchTest WatchKit App.app in Resources */ = {isa = PBXBuildFile; fileRef = 636C1C421AF9FCC800471769 /* WatchTest WatchKit App.app */; };
		636C1C4B1AF9FCC800471769 /* Interface.storyboard in Resources */ = {isa = PBXBuildFile; fileRef = 636C1C491AF9FCC800471769 /* Interface.storyboard */; };
		636C1C4D1AF9FCC800471769 /* Images.xcassets in Resources */ = {isa = PBXBuildFile; fileRef = 636C1C4C1AF9FCC800471769 /* Images.xcassets */; };
		636C1C501AF9FCC800471769 /* WatchTest WatchKit Extension.appex in Embed App Extensions */ = {isa = PBXBuildFile; fileRef = 636C1C331AF9FCC700471769 /* WatchTest WatchKit Extension.appex */; settings = {ATTRIBUTES = (RemoveHeadersOnCopy, ); }; };
/* End PBXBuildFile section */

/* Begin PBXContainerItemProxy section */
		636C1C201AF9FC8100471769 /* PBXContainerItemProxy */ = {
			isa = PBXContainerItemProxy;
			containerPortal = 636C1BFE1AF9FC8100471769 /* Project object */;
			proxyType = 1;
			remoteGlobalIDString = 636C1C051AF9FC8100471769;
			remoteInfo = WatchTest;
		};
		636C1C441AF9FCC800471769 /* PBXContainerItemProxy */ = {
			isa = PBXContainerItemProxy;
			containerPortal = 636C1BFE1AF9FC8100471769 /* Project object */;
			proxyType = 1;
			remoteGlobalIDString = 636C1C411AF9FCC800471769;
			remoteInfo = "WatchTest WatchKit App";
		};
		636C1C4E1AF9FCC800471769 /* PBXContainerItemProxy */ = {
			isa = PBXContainerItemProxy;
			containerPortal = 636C1BFE1AF9FC8100471769 /* Project object */;
			proxyType = 1;
			remoteGlobalIDString = 636C1C321AF9FCC700471769;
			remoteInfo = "WatchTest WatchKit Extension";
		};
/* End PBXContainerItemProxy section */

/* Begin PBXCopyFilesBuildPhase section */
		636C1C571AF9FCC800471769 /* Embed App Extensions */ = {
			isa = PBXCopyFilesBuildPhase;
			buildActionMask = 2147483647;
			dstPath = "";
			dstSubfolderSpec = 13;
			files = (
				636C1C501AF9FCC800471769 /* WatchTest WatchKit Extension.appex in Embed App Extensions */,
			);
			name = "Embed App Extensions";
			runOnlyForDeploymentPostprocessing = 0;
		};
/* End PBXCopyFilesBuildPhase section */

/* Begin PBXFileReference section */
		636C1C061AF9FC8100471769 /* WatchTest.app */ = {isa = PBXFileReference; explicitFileType = wrapper.application; includeInIndex = 0; path = WatchTest.app; sourceTree = BUILT_PRODUCTS_DIR; };
		636C1C0A1AF9FC8100471769 /* Info.plist */ = {isa = PBXFileReference; lastKnownFileType = text.plist.xml; path = Info.plist; sourceTree = "<group>"; };
		636C1C0B1AF9FC8100471769 /* main.m */ = {isa = PBXFileReference; lastKnownFileType = sourcecode.c.objc; path = main.m; sourceTree = "<group>"; };
		636C1C0D1AF9FC8100471769 /* AppDelegate.h */ = {isa = PBXFileReference; lastKnownFileType = sourcecode.c.h; path = AppDelegate.h; sourceTree = "<group>"; };
		636C1C0E1AF9FC8100471769 /* AppDelegate.m */ = {isa = PBXFileReference; lastKnownFileType = sourcecode.c.objc; path = AppDelegate.m; sourceTree = "<group>"; };
		636C1C101AF9FC8100471769 /* ViewController.h */ = {isa = PBXFileReference; lastKnownFileType = sourcecode.c.h; path = ViewController.h; sourceTree = "<group>"; };
		636C1C111AF9FC8100471769 /* ViewController.m */ = {isa = PBXFileReference; lastKnownFileType = sourcecode.c.objc; path = ViewController.m; sourceTree = "<group>"; };
		636C1C141AF9FC8100471769 /* Base */ = {isa = PBXFileReference; lastKnownFileType = file.storyboard; name = Base; path = Base.lproj/Main.storyboard; sourceTree = "<group>"; };
		636C1C161AF9FC8100471769 /* Images.xcassets */ = {isa = PBXFileReference; lastKnownFileType = folder.assetcatalog; path = Images.xcassets; sourceTree = "<group>"; };
		636C1C191AF9FC8100471769 /* Base */ = {isa = PBXFileReference; lastKnownFileType = file.xib; name = Base; path = Base.lproj/LaunchScreen.xib; sourceTree = "<group>"; };
		636C1C1F1AF9FC8100471769 /* WatchTestTests.xctest */ = {isa = PBXFileReference; explicitFileType = wrapper.cfbundle; includeInIndex = 0; path = WatchTestTests.xctest; sourceTree = BUILT_PRODUCTS_DIR; };
		636C1C241AF9FC8100471769 /* Info.plist */ = {isa = PBXFileReference; lastKnownFileType = text.plist.xml; path = Info.plist; sourceTree = "<group>"; };
		636C1C251AF9FC8100471769 /* WatchTestTests.m */ = {isa = PBXFileReference; lastKnownFileType = sourcecode.c.objc; path = WatchTestTests.m; sourceTree = "<group>"; };
		636C1C331AF9FCC700471769 /* WatchTest WatchKit Extension.appex */ = {isa = PBXFileReference; explicitFileType = "wrapper.app-extension"; includeInIndex = 0; path = "WatchTest WatchKit Extension.appex"; sourceTree = BUILT_PRODUCTS_DIR; };
		636C1C361AF9FCC700471769 /* Info.plist */ = {isa = PBXFileReference; lastKnownFileType = text.plist.xml; path = Info.plist; sourceTree = "<group>"; };
		636C1C371AF9FCC700471769 /* PushNotificationPayload.apns */ = {isa = PBXFileReference; lastKnownFileType = text; path = PushNotificationPayload.apns; sourceTree = "<group>"; };
		636C1C381AF9FCC700471769 /* InterfaceController.h */ = {isa = PBXFileReference; lastKnownFileType = sourcecode.c.h; path = InterfaceController.h; sourceTree = "<group>"; };
		636C1C391AF9FCC700471769 /* InterfaceController.m */ = {isa = PBXFileReference; lastKnownFileType = sourcecode.c.objc; path = InterfaceController.m; sourceTree = "<group>"; };
		636C1C3B1AF9FCC700471769 /* NotificationController.h */ = {isa = PBXFileReference; lastKnownFileType = sourcecode.c.h; path = NotificationController.h; sourceTree = "<group>"; };
		636C1C3C1AF9FCC700471769 /* NotificationController.m */ = {isa = PBXFileReference; lastKnownFileType = sourcecode.c.objc; path = NotificationController.m; sourceTree = "<group>"; };
		636C1C3E1AF9FCC700471769 /* Images.xcassets */ = {isa = PBXFileReference; lastKnownFileType = folder.assetcatalog; path = Images.xcassets; sourceTree = "<group>"; };
		636C1C421AF9FCC800471769 /* WatchTest WatchKit App.app */ = {isa = PBXFileReference; explicitFileType = wrapper.application; includeInIndex = 0; path = "WatchTest WatchKit App.app"; sourceTree = BUILT_PRODUCTS_DIR; };
		636C1C481AF9FCC800471769 /* Info.plist */ = {isa = PBXFileReference; lastKnownFileType = text.plist.xml; path = Info.plist; sourceTree = "<group>"; };
		636C1C4A1AF9FCC800471769 /* Base */ = {isa = PBXFileReference; lastKnownFileType = file.storyboard; name = Base; path = Base.lproj/Interface.storyboard; sourceTree = "<group>"; };
		636C1C4C1AF9FCC800471769 /* Images.xcassets */ = {isa = PBXFileReference; lastKnownFileType = folder.assetcatalog; path = Images.xcassets; sourceTree = "<group>"; };
		636C1C581AFB5B6900471769 /* WebKit.framework */ = {isa = PBXFileReference; lastKnownFileType = wrapper.framework; name = WebKit.framework; path = System/Library/Frameworks/WebKit.framework; sourceTree = SDKROOT; };
/* End PBXFileReference section */

/* Begin PBXFrameworksBuildPhase section */
		636C1C031AF9FC8100471769 /* Frameworks */ = {
			isa = PBXFrameworksBuildPhase;
			buildActionMask = 2147483647;
			files = (
			);
			runOnlyForDeploymentPostprocessing = 0;
		};
		636C1C1C1AF9FC8100471769 /* Frameworks */ = {
			isa = PBXFrameworksBuildPhase;
			buildActionMask = 2147483647;
			files = (
			);
			runOnlyForDeploymentPostprocessing = 0;
		};
		636C1C301AF9FCC700471769 /* Frameworks */ = {
			isa = PBXFrameworksBuildPhase;
			buildActionMask = 2147483647;
			files = (
			);
			runOnlyForDeploymentPostprocessing = 0;
		};
/* End PBXFrameworksBuildPhase section */

/* Begin PBXGroup section */
		636C1BFD1AF9FC8100471769 = {
			isa = PBXGroup;
			children = (
				636C1C581AFB5B6900471769 /* WebKit.framework */,
				636C1C081AF9FC8100471769 /* WatchTest */,
				636C1C221AF9FC8100471769 /* WatchTestTests */,
				636C1C341AF9FCC700471769 /* WatchTest WatchKit Extension */,
				636C1C461AF9FCC800471769 /* WatchTest WatchKit App */,
				636C1C071AF9FC8100471769 /* Products */,
			);
			sourceTree = "<group>";
		};
		636C1C071AF9FC8100471769 /* Products */ = {
			isa = PBXGroup;
			children = (
				636C1C061AF9FC8100471769 /* WatchTest.app */,
				636C1C1F1AF9FC8100471769 /* WatchTestTests.xctest */,
				636C1C331AF9FCC700471769 /* WatchTest WatchKit Extension.appex */,
				636C1C421AF9FCC800471769 /* WatchTest WatchKit App.app */,
			);
			name = Products;
			sourceTree = "<group>";
		};
		636C1C081AF9FC8100471769 /* WatchTest */ = {
			isa = PBXGroup;
			children = (
				636C1C0D1AF9FC8100471769 /* AppDelegate.h */,
				636C1C0E1AF9FC8100471769 /* AppDelegate.m */,
				636C1C101AF9FC8100471769 /* ViewController.h */,
				636C1C111AF9FC8100471769 /* ViewController.m */,
				636C1C131AF9FC8100471769 /* Main.storyboard */,
				636C1C161AF9FC8100471769 /* Images.xcassets */,
				636C1C181AF9FC8100471769 /* LaunchScreen.xib */,
				636C1C091AF9FC8100471769 /* Supporting Files */,
			);
			path = WatchTest;
			sourceTree = "<group>";
		};
		636C1C091AF9FC8100471769 /* Supporting Files */ = {
			isa = PBXGroup;
			children = (
				636C1C0A1AF9FC8100471769 /* Info.plist */,
				636C1C0B1AF9FC8100471769 /* main.m */,
			);
			name = "Supporting Files";
			sourceTree = "<group>";
		};
		636C1C221AF9FC8100471769 /* WatchTestTests */ = {
			isa = PBXGroup;
			children = (
				636C1C251AF9FC8100471769 /* WatchTestTests.m */,
				636C1C231AF9FC8100471769 /* Supporting Files */,
			);
			path = WatchTestTests;
			sourceTree = "<group>";
		};
		636C1C231AF9FC8100471769 /* Supporting Files */ = {
			isa = PBXGroup;
			children = (
				636C1C241AF9FC8100471769 /* Info.plist */,
			);
			name = "Supporting Files";
			sourceTree = "<group>";
		};
		636C1C341AF9FCC700471769 /* WatchTest WatchKit Extension */ = {
			isa = PBXGroup;
			children = (
				636C1C381AF9FCC700471769 /* InterfaceController.h */,
				636C1C391AF9FCC700471769 /* InterfaceController.m */,
				636C1C3B1AF9FCC700471769 /* NotificationController.h */,
				636C1C3C1AF9FCC700471769 /* NotificationController.m */,
				636C1C3E1AF9FCC700471769 /* Images.xcassets */,
				636C1C351AF9FCC700471769 /* Supporting Files */,
			);
			path = "WatchTest WatchKit Extension";
			sourceTree = "<group>";
		};
		636C1C351AF9FCC700471769 /* Supporting Files */ = {
			isa = PBXGroup;
			children = (
				636C1C361AF9FCC700471769 /* Info.plist */,
				636C1C371AF9FCC700471769 /* PushNotificationPayload.apns */,
			);
			name = "Supporting Files";
			sourceTree = "<group>";
		};
		636C1C461AF9FCC800471769 /* WatchTest WatchKit App */ = {
			isa = PBXGroup;
			children = (
				636C1C491AF9FCC800471769 /* Interface.storyboard */,
				636C1C4C1AF9FCC800471769 /* Images.xcassets */,
				636C1C471AF9FCC800471769 /* Supporting Files */,
			);
			path = "WatchTest WatchKit App";
			sourceTree = "<group>";
		};
		636C1C471AF9FCC800471769 /* Supporting Files */ = {
			isa = PBXGroup;
			children = (
				636C1C481AF9FCC800471769 /* Info.plist */,
			);
			name = "Supporting Files";
			sourceTree = "<group>";
		};
/* End PBXGroup section */

/* Begin PBXNativeTarget section */
		636C1C051AF9FC8100471769 /* WatchTest */ = {
			isa = PBXNativeTarget;
			buildConfigurationList = 636C1C291AF9FC8100471769 /* Build configuration list for PBXNativeTarget "WatchTest" */;
			buildPhases = (
				636C1C021AF9FC8100471769 /* Sources */,
				636C1C031AF9FC8100471769 /* Frameworks */,
				636C1C041AF9FC8100471769 /* Resources */,
				636C1C571AF9FCC800471769 /* Embed App Extensions */,
			);
			buildRules = (
			);
			dependencies = (
				636C1C4F1AF9FCC800471769 /* PBXTargetDependency */,
			);
			name = WatchTest;
			productName = WatchTest;
			productReference = 636C1C061AF9FC8100471769 /* WatchTest.app */;
			productType = "com.apple.product-type.application";
		};
		636C1C1E1AF9FC8100471769 /* WatchTestTests */ = {
			isa = PBXNativeTarget;
			buildConfigurationList = 636C1C2C1AF9FC8100471769 /* Build configuration list for PBXNativeTarget "WatchTestTests" */;
			buildPhases = (
				636C1C1B1AF9FC8100471769 /* Sources */,
				636C1C1C1AF9FC8100471769 /* Frameworks */,
				636C1C1D1AF9FC8100471769 /* Resources */,
			);
			buildRules = (
			);
			dependencies = (
				636C1C211AF9FC8100471769 /* PBXTargetDependency */,
			);
			name = WatchTestTests;
			productName = WatchTestTests;
			productReference = 636C1C1F1AF9FC8100471769 /* WatchTestTests.xctest */;
			productType = "com.apple.product-type.bundle.unit-test";
		};
		636C1C321AF9FCC700471769 /* WatchTest WatchKit Extension */ = {
			isa = PBXNativeTarget;
			buildConfigurationList = 636C1C541AF9FCC800471769 /* Build configuration list for PBXNativeTarget "WatchTest WatchKit Extension" */;
			buildPhases = (
				636C1C2F1AF9FCC700471769 /* Sources */,
				636C1C301AF9FCC700471769 /* Frameworks */,
				636C1C311AF9FCC700471769 /* Resources */,
			);
			buildRules = (
			);
			dependencies = (
				636C1C451AF9FCC800471769 /* PBXTargetDependency */,
			);
			name = "WatchTest WatchKit Extension";
			productName = "WatchTest WatchKit Extension";
			productReference = 636C1C331AF9FCC700471769 /* WatchTest WatchKit Extension.appex */;
			productType = "com.apple.product-type.watchkit-extension";
		};
		636C1C411AF9FCC800471769 /* WatchTest WatchKit App */ = {
			isa = PBXNativeTarget;
			buildConfigurationList = 636C1C511AF9FCC800471769 /* Build configuration list for PBXNativeTarget "WatchTest WatchKit App" */;
			buildPhases = (
				636C1C401AF9FCC800471769 /* Resources */,
			);
			buildRules = (
			);
			dependencies = (
			);
			name = "WatchTest WatchKit App";
			productName = "WatchTest WatchKit App";
			productReference = 636C1C421AF9FCC800471769 /* WatchTest WatchKit App.app */;
			productType = "com.apple.product-type.application.watchapp";
		};
/* End PBXNativeTarget section */

/* Begin PBXProject section */
		636C1BFE1AF9FC8100471769 /* Project object */ = {
			isa = PBXProject;
			attributes = {
				LastUpgradeCheck = 0630;
				ORGANIZATIONNAME = sangchan;
				TargetAttributes = {
					636C1C051AF9FC8100471769 = {
						CreatedOnToolsVersion = 6.3.1;
						DevelopmentTeam = CBUJK8CFZ3;
					};
					636C1C1E1AF9FC8100471769 = {
						CreatedOnToolsVersion = 6.3.1;
						TestTargetID = 636C1C051AF9FC8100471769;
					};
					636C1C321AF9FCC700471769 = {
						CreatedOnToolsVersion = 6.3.1;
						DevelopmentTeam = CBUJK8CFZ3;
					};
					636C1C411AF9FCC800471769 = {
						CreatedOnToolsVersion = 6.3.1;
						DevelopmentTeam = CBUJK8CFZ3;
					};
				};
			};
			buildConfigurationList = 636C1C011AF9FC8100471769 /* Build configuration list for PBXProject "WatchTest" */;
			compatibilityVersion = "Xcode 3.2";
			developmentRegion = English;
			hasScannedForEncodings = 0;
			knownRegions = (
				en,
				Base,
			);
			mainGroup = 636C1BFD1AF9FC8100471769;
			productRefGroup = 636C1C071AF9FC8100471769 /* Products */;
			projectDirPath = "";
			projectRoot = "";
			targets = (
				636C1C051AF9FC8100471769 /* WatchTest */,
				636C1C1E1AF9FC8100471769 /* WatchTestTests */,
				636C1C321AF9FCC700471769 /* WatchTest WatchKit Extension */,
				636C1C411AF9FCC800471769 /* WatchTest WatchKit App */,
			);
		};
/* End PBXProject section */

/* Begin PBXResourcesBuildPhase section */
		636C1C041AF9FC8100471769 /* Resources */ = {
			isa = PBXResourcesBuildPhase;
			buildActionMask = 2147483647;
			files = (
				636C1C151AF9FC8100471769 /* Main.storyboard in Resources */,
				636C1C1A1AF9FC8100471769 /* LaunchScreen.xib in Resources */,
				636C1C171AF9FC8100471769 /* Images.xcassets in Resources */,
			);
			runOnlyForDeploymentPostprocessing = 0;
		};
		636C1C1D1AF9FC8100471769 /* Resources */ = {
			isa = PBXResourcesBuildPhase;
			buildActionMask = 2147483647;
			files = (
			);
			runOnlyForDeploymentPostprocessing = 0;
		};
		636C1C311AF9FCC700471769 /* Resources */ = {
			isa = PBXResourcesBuildPhase;
			buildActionMask = 2147483647;
			files = (
				636C1C431AF9FCC800471769 /* WatchTest WatchKit App.app in Resources */,
				636C1C3F1AF9FCC700471769 /* Images.xcassets in Resources */,
			);
			runOnlyForDeploymentPostprocessing = 0;
		};
		636C1C401AF9FCC800471769 /* Resources */ = {
			isa = PBXResourcesBuildPhase;
			buildActionMask = 2147483647;
			files = (
				636C1C4B1AF9FCC800471769 /* Interface.storyboard in Resources */,
				636C1C4D1AF9FCC800471769 /* Images.xcassets in Resources */,
			);
			runOnlyForDeploymentPostprocessing = 0;
		};
/* End PBXResourcesBuildPhase section */

/* Begin PBXSourcesBuildPhase section */
		636C1C021AF9FC8100471769 /* Sources */ = {
			isa = PBXSourcesBuildPhase;
			buildActionMask = 2147483647;
			files = (
				636C1C121AF9FC8100471769 /* ViewController.m in Sources */,
				636C1C0F1AF9FC8100471769 /* AppDelegate.m in Sources */,
				636C1C0C1AF9FC8100471769 /* main.m in Sources */,
			);
			runOnlyForDeploymentPostprocessing = 0;
		};
		636C1C1B1AF9FC8100471769 /* Sources */ = {
			isa = PBXSourcesBuildPhase;
			buildActionMask = 2147483647;
			files = (
				636C1C261AF9FC8100471769 /* WatchTestTests.m in Sources */,
			);
			runOnlyForDeploymentPostprocessing = 0;
		};
		636C1C2F1AF9FCC700471769 /* Sources */ = {
			isa = PBXSourcesBuildPhase;
			buildActionMask = 2147483647;
			files = (
				636C1C3D1AF9FCC700471769 /* NotificationController.m in Sources */,
				636C1C3A1AF9FCC700471769 /* InterfaceController.m in Sources */,
			);
			runOnlyForDeploymentPostprocessing = 0;
		};
/* End PBXSourcesBuildPhase section */

/* Begin PBXTargetDependency section */
		636C1C211AF9FC8100471769 /* PBXTargetDependency */ = {
			isa = PBXTargetDependency;
			target = 636C1C051AF9FC8100471769 /* WatchTest */;
			targetProxy = 636C1C201AF9FC8100471769 /* PBXContainerItemProxy */;
		};
		636C1C451AF9FCC800471769 /* PBXTargetDependency */ = {
			isa = PBXTargetDependency;
			target = 636C1C411AF9FCC800471769 /* WatchTest WatchKit App */;
			targetProxy = 636C1C441AF9FCC800471769 /* PBXContainerItemProxy */;
		};
		636C1C4F1AF9FCC800471769 /* PBXTargetDependency */ = {
			isa = PBXTargetDependency;
			target = 636C1C321AF9FCC700471769 /* WatchTest WatchKit Extension */;
			targetProxy = 636C1C4E1AF9FCC800471769 /* PBXContainerItemProxy */;
		};
/* End PBXTargetDependency section */

/* Begin PBXVariantGroup section */
		636C1C131AF9FC8100471769 /* Main.storyboard */ = {
			isa = PBXVariantGroup;
			children = (
				636C1C141AF9FC8100471769 /* Base */,
			);
			name = Main.storyboard;
			sourceTree = "<group>";
		};
		636C1C181AF9FC8100471769 /* LaunchScreen.xib */ = {
			isa = PBXVariantGroup;
			children = (
				636C1C191AF9FC8100471769 /* Base */,
			);
			name = LaunchScreen.xib;
			sourceTree = "<group>";
		};
		636C1C491AF9FCC800471769 /* Interface.storyboard */ = {
			isa = PBXVariantGroup;
			children = (
				636C1C4A1AF9FCC800471769 /* Base */,
			);
			name = Interface.storyboard;
			sourceTree = "<group>";
		};
/* End PBXVariantGroup section */

/* Begin XCBuildConfiguration section */
		636C1C271AF9FC8100471769 /* Debug */ = {
			isa = XCBuildConfiguration;
			buildSettings = {
				ALWAYS_SEARCH_USER_PATHS = NO;
				CLANG_CXX_LANGUAGE_STANDARD = "gnu++0x";
				CLANG_CXX_LIBRARY = "libc++";
				CLANG_ENABLE_MODULES = YES;
				CLANG_ENABLE_OBJC_ARC = YES;
				CLANG_WARN_BOOL_CONVERSION = YES;
				CLANG_WARN_CONSTANT_CONVERSION = YES;
				CLANG_WARN_DIRECT_OBJC_ISA_USAGE = YES_ERROR;
				CLANG_WARN_EMPTY_BODY = YES;
				CLANG_WARN_ENUM_CONVERSION = YES;
				CLANG_WARN_INT_CONVERSION = YES;
				CLANG_WARN_OBJC_ROOT_CLASS = YES_ERROR;
				CLANG_WARN_UNREACHABLE_CODE = YES;
				CLANG_WARN__DUPLICATE_METHOD_MATCH = YES;
				"CODE_SIGN_IDENTITY[sdk=iphoneos*]" = "iPhone Developer";
				COPY_PHASE_STRIP = NO;
				DEBUG_INFORMATION_FORMAT = "dwarf-with-dsym";
				ENABLE_STRICT_OBJC_MSGSEND = YES;
				GCC_C_LANGUAGE_STANDARD = gnu99;
				GCC_DYNAMIC_NO_PIC = NO;
				GCC_NO_COMMON_BLOCKS = YES;
				GCC_OPTIMIZATION_LEVEL = 0;
				GCC_PREPROCESSOR_DEFINITIONS = (
					"DEBUG=1",
					"$(inherited)",
				);
				GCC_SYMBOLS_PRIVATE_EXTERN = NO;
				GCC_WARN_64_TO_32_BIT_CONVERSION = YES;
				GCC_WARN_ABOUT_RETURN_TYPE = YES_ERROR;
				GCC_WARN_UNDECLARED_SELECTOR = YES;
				GCC_WARN_UNINITIALIZED_AUTOS = YES_AGGRESSIVE;
				GCC_WARN_UNUSED_FUNCTION = YES;
				GCC_WARN_UNUSED_VARIABLE = YES;
				IPHONEOS_DEPLOYMENT_TARGET = 8.3;
				MTL_ENABLE_DEBUG_INFO = YES;
				ONLY_ACTIVE_ARCH = YES;
				SDKROOT = iphoneos;
			};
			name = Debug;
		};
		636C1C281AF9FC8100471769 /* Release */ = {
			isa = XCBuildConfiguration;
			buildSettings = {
				ALWAYS_SEARCH_USER_PATHS = NO;
				CLANG_CXX_LANGUAGE_STANDARD = "gnu++0x";
				CLANG_CXX_LIBRARY = "libc++";
				CLANG_ENABLE_MODULES = YES;
				CLANG_ENABLE_OBJC_ARC = YES;
				CLANG_WARN_BOOL_CONVERSION = YES;
				CLANG_WARN_CONSTANT_CONVERSION = YES;
				CLANG_WARN_DIRECT_OBJC_ISA_USAGE = YES_ERROR;
				CLANG_WARN_EMPTY_BODY = YES;
				CLANG_WARN_ENUM_CONVERSION = YES;
				CLANG_WARN_INT_CONVERSION = YES;
				CLANG_WARN_OBJC_ROOT_CLASS = YES_ERROR;
				CLANG_WARN_UNREACHABLE_CODE = YES;
				CLANG_WARN__DUPLICATE_METHOD_MATCH = YES;
				"CODE_SIGN_IDENTITY[sdk=iphoneos*]" = "iPhone Developer";
				COPY_PHASE_STRIP = NO;
				DEBUG_INFORMATION_FORMAT = "dwarf-with-dsym";
				ENABLE_NS_ASSERTIONS = NO;
				ENABLE_STRICT_OBJC_MSGSEND = YES;
				GCC_C_LANGUAGE_STANDARD = gnu99;
				GCC_NO_COMMON_BLOCKS = YES;
				GCC_WARN_64_TO_32_BIT_CONVERSION = YES;
				GCC_WARN_ABOUT_RETURN_TYPE = YES_ERROR;
				GCC_WARN_UNDECLARED_SELECTOR = YES;
				GCC_WARN_UNINITIALIZED_AUTOS = YES_AGGRESSIVE;
				GCC_WARN_UNUSED_FUNCTION = YES;
				GCC_WARN_UNUSED_VARIABLE = YES;
				IPHONEOS_DEPLOYMENT_TARGET = 8.3;
				MTL_ENABLE_DEBUG_INFO = NO;
				SDKROOT = iphoneos;
				VALIDATE_PRODUCT = YES;
			};
			name = Release;
		};
		636C1C2A1AF9FC8100471769 /* Debug */ = {
			isa = XCBuildConfiguration;
			buildSettings = {
				ASSETCATALOG_COMPILER_APPICON_NAME = AppIcon;
				CODE_SIGN_IDENTITY = "iPhone Developer";
				INFOPLIST_FILE = WatchTest/Info.plist;
				IPHONEOS_DEPLOYMENT_TARGET = 7.0;
				LD_RUNPATH_SEARCH_PATHS = "$(inherited) @executable_path/Frameworks";
				PRODUCT_NAME = "$(TARGET_NAME)";
			};
			name = Debug;
		};
		636C1C2B1AF9FC8100471769 /* Release */ = {
			isa = XCBuildConfiguration;
			buildSettings = {
				ASSETCATALOG_COMPILER_APPICON_NAME = AppIcon;
				CODE_SIGN_IDENTITY = "iPhone Developer";
				INFOPLIST_FILE = WatchTest/Info.plist;
				IPHONEOS_DEPLOYMENT_TARGET = 7.0;
				LD_RUNPATH_SEARCH_PATHS = "$(inherited) @executable_path/Frameworks";
				PRODUCT_NAME = "$(TARGET_NAME)";
			};
			name = Release;
		};
		636C1C2D1AF9FC8100471769 /* Debug */ = {
			isa = XCBuildConfiguration;
			buildSettings = {
				BUNDLE_LOADER = "$(TEST_HOST)";
				FRAMEWORK_SEARCH_PATHS = (
					"$(SDKROOT)/Developer/Library/Frameworks",
					"$(inherited)",
				);
				GCC_PREPROCESSOR_DEFINITIONS = (
					"DEBUG=1",
					"$(inherited)",
				);
				INFOPLIST_FILE = WatchTestTests/Info.plist;
				LD_RUNPATH_SEARCH_PATHS = "$(inherited) @executable_path/Frameworks @loader_path/Frameworks";
				PRODUCT_NAME = "$(TARGET_NAME)";
				TEST_HOST = "$(BUILT_PRODUCTS_DIR)/WatchTest.app/WatchTest";
			};
			name = Debug;
		};
		636C1C2E1AF9FC8100471769 /* Release */ = {
			isa = XCBuildConfiguration;
			buildSettings = {
				BUNDLE_LOADER = "$(TEST_HOST)";
				FRAMEWORK_SEARCH_PATHS = (
					"$(SDKROOT)/Developer/Library/Frameworks",
					"$(inherited)",
				);
				INFOPLIST_FILE = WatchTestTests/Info.plist;
				LD_RUNPATH_SEARCH_PATHS = "$(inherited) @executable_path/Frameworks @loader_path/Frameworks";
				PRODUCT_NAME = "$(TARGET_NAME)";
				TEST_HOST = "$(BUILT_PRODUCTS_DIR)/WatchTest.app/WatchTest";
			};
			name = Release;
		};
		636C1C521AF9FCC800471769 /* Debug */ = {
			isa = XCBuildConfiguration;
			buildSettings = {
				ASSETCATALOG_COMPILER_APPICON_NAME = AppIcon;
				CODE_SIGN_IDENTITY = "iPhone Developer";
				"CODE_SIGN_IDENTITY[sdk=iphoneos*]" = "iPhone Developer";
				GCC_PREPROCESSOR_DEFINITIONS = (
					"DEBUG=1",
					"$(inherited)",
				);
				IBSC_MODULE = WatchTest_WatchKit_Extension;
				INFOPLIST_FILE = "WatchTest WatchKit App/Info.plist";
				IPHONEOS_DEPLOYMENT_TARGET = 8.2;
				PRODUCT_NAME = "$(TARGET_NAME)";
				PROVISIONING_PROFILE = "";
				SKIP_INSTALL = YES;
				TARGETED_DEVICE_FAMILY = 4;
				"TARGETED_DEVICE_FAMILY[sdk=iphonesimulator*]" = "1,4";
			};
			name = Debug;
		};
		636C1C531AF9FCC800471769 /* Release */ = {
			isa = XCBuildConfiguration;
			buildSettings = {
				ASSETCATALOG_COMPILER_APPICON_NAME = AppIcon;
				CODE_SIGN_IDENTITY = "iPhone Developer";
				"CODE_SIGN_IDENTITY[sdk=iphoneos*]" = "iPhone Developer";
				IBSC_MODULE = WatchTest_WatchKit_Extension;
				INFOPLIST_FILE = "WatchTest WatchKit App/Info.plist";
				IPHONEOS_DEPLOYMENT_TARGET = 8.2;
				PRODUCT_NAME = "$(TARGET_NAME)";
				PROVISIONING_PROFILE = "";
				SKIP_INSTALL = YES;
				TARGETED_DEVICE_FAMILY = 4;
				"TARGETED_DEVICE_FAMILY[sdk=iphonesimulator*]" = "1,4";
			};
			name = Release;
		};
		636C1C551AF9FCC800471769 /* Debug */ = {
			isa = XCBuildConfiguration;
			buildSettings = {
				CODE_SIGN_IDENTITY = "iPhone Developer";
				GCC_PREPROCESSOR_DEFINITIONS = (
					"DEBUG=1",
					"$(inherited)",
				);
				INFOPLIST_FILE = "WatchTest WatchKit Extension/Info.plist";
				IPHONEOS_DEPLOYMENT_TARGET = 8.2;
				LD_RUNPATH_SEARCH_PATHS = "$(inherited) @executable_path/Frameworks @executable_path/../../Frameworks";
				PRODUCT_NAME = "${TARGET_NAME}";
				SKIP_INSTALL = YES;
			};
			name = Debug;
		};
		636C1C561AF9FCC800471769 /* Release */ = {
			isa = XCBuildConfiguration;
			buildSettings = {
				CODE_SIGN_IDENTITY = "iPhone Developer";
				INFOPLIST_FILE = "WatchTest WatchKit Extension/Info.plist";
				IPHONEOS_DEPLOYMENT_TARGET = 8.2;
				LD_RUNPATH_SEARCH_PATHS = "$(inherited) @executable_path/Frameworks @executable_path/../../Frameworks";
				PRODUCT_NAME = "${TARGET_NAME}";
				SKIP_INSTALL = YES;
			};
			name = Release;
		};
/* End XCBuildConfiguration section */

/* Begin XCConfigurationList section */
		636C1C011AF9FC8100471769 /* Build configuration list for PBXProject "WatchTest" */ = {
			isa = XCConfigurationList;
			buildConfigurations = (
				636C1C271AF9FC8100471769 /* Debug */,
				636C1C281AF9FC8100471769 /* Release */,
			);
			defaultConfigurationIsVisible = 0;
			defaultConfigurationName = Release;
		};
		636C1C291AF9FC8100471769 /* Build configuration list for PBXNativeTarget "WatchTest" */ = {
			isa = XCConfigurationList;
			buildConfigurations = (
				636C1C2A1AF9FC8100471769 /* Debug */,
				636C1C2B1AF9FC8100471769 /* Release */,
			);
			defaultConfigurationIsVisible = 0;
			defaultConfigurationName = Release;
		};
		636C1C2C1AF9FC8100471769 /* Build configuration list for PBXNativeTarget "WatchTestTests" */ = {
			isa = XCConfigurationList;
			buildConfigurations = (
				636C1C2D1AF9FC8100471769 /* Debug */,
				636C1C2E1AF9FC8100471769 /* Release */,
			);
			defaultConfigurationIsVisible = 0;
			defaultConfigurationName = Release;
		};
		636C1C511AF9FCC800471769 /* Build configuration list for PBXNativeTarget "WatchTest WatchKit App" */ = {
			isa = XCConfigurationList;
			buildConfigurations = (
				636C1C521AF9FCC800471769 /* Debug */,
				636C1C531AF9FCC800471769 /* Release */,
			);
			defaultConfigurationIsVisible = 0;
			defaultConfigurationName = Release;
		};
		636C1C541AF9FCC800471769 /* Build configuration list for PBXNativeTarget "WatchTest WatchKit Extension" */ = {
			isa = XCConfigurationList;
			buildConfigurations = (
				636C1C551AF9FCC800471769 /* Debug */,
				636C1C561AF9FCC800471769 /* Release */,
			);
			defaultConfigurationIsVisible = 0;
			defaultConfigurationName = Release;
		};
/* End XCConfigurationList section */
	};
	rootObject = 636C1BFE1AF9FC8100471769 /* Project object */;
}
